PODS:
  - Alamofire (5.10.2)
  - Kingfisher (7.12.0)
  - Masonry (1.1.0)
  - RxSwift (6.9.0)

DEPENDENCIES:
  - Alamofire
  - Kingfisher
  - Masonry
  - RxSwift

SPEC REPOS:
  trunk:
    - Alamofire
    - Kingfisher
    - Masonry
    - RxSwift

SPEC CHECKSUMS:
  Alamofire: 7193b3b92c74a07f85569e1a6c4f4237291e7496
  Kingfisher: 53a10ea35051a436b5fb626ca2dd8f3144d755e9
  Masonry: 678fab65091a9290e40e2832a55e7ab731aad201
  RxSwift: 31649ace6aceeb422e16ff71c60804f9c3281ed9

PODFILE CHECKSUM: 345fe1691e9367b417e90bc7102199a562c22942

COCOAPODS: 1.16.2
