PODS:
  - MBProgressHUD (1.2.0)
  - MJRefresh (3.7.9)
  - SDWebImage (5.21.0):
    - SDWebImage/Core (= 5.21.0)
  - SDWebImage/Core (5.21.0)

DEPENDENCIES:
  - MBProgressHUD
  - MJRefresh
  - SDWebImage

SPEC REPOS:
  trunk:
    - MBProgressHUD
    - MJRefresh
    - SDWebImage

SPEC CHECKSUMS:
  MBProgressHUD: 3ee5efcc380f6a79a7cc9b363dd669c5e1ae7406
  MJRefresh: ff9e531227924c84ce459338414550a05d2aea78
  SDWebImage: f84b0feeb08d2d11e6a9b843cb06d75ebf5b8868

PODFILE CHECKSUM: 07fac82e7bd996eab8672bf6d87b3ba5f067ed5d

COCOAPODS: 1.16.2
